// !$*UTF8*$!
{
	archiveVersion = 1;
	classes = {
	};
	objectVersion = 48;
	objects = {

/* Begin PBXBuildFile section */
		F105A9D51F7455AF008838CA /* AppDelegate.swift in Sources */ = {isa = PBXBuildFile; fileRef = F105A9D41F7455AF008838CA /* AppDelegate.swift */; };
		F105A9DA1F7455AF008838CA /* Main.storyboard in Resources */ = {isa = PBXBuildFile; fileRef = F105A9D81F7455AF008838CA /* Main.storyboard */; };
		F105A9DD1F7455AF008838CA /* Coffee_Crawl.xcdatamodeld in Sources */ = {isa = PBXBuildFile; fileRef = F105A9DB1F7455AF008838CA /* Coffee_Crawl.xcdatamodeld */; };
		F105A9DF1F7455AF008838CA /* Assets.xcassets in Resources */ = {isa = PBXBuildFile; fileRef = F105A9DE1F7455AF008838CA /* Assets.xcassets */; };
		F105A9E21F7455AF008838CA /* LaunchScreen.storyboard in Resources */ = {isa = PBXBuildFile; fileRef = F105A9E01F7455AF008838CA /* LaunchScreen.storyboard */; };
		F105A9EA1F745CB9008838CA /* AddShopViewController.swift in Sources */ = {isa = PBXBuildFile; fileRef = F105A9E91F745CB9008838CA /* AddShopViewController.swift */; };
		F105A9EF1F746561008838CA /* ShopTableViewController.swift in Sources */ = {isa = PBXBuildFile; fileRef = F105A9EE1F746561008838CA /* ShopTableViewController.swift */; };
/* End PBXBuildFile section */

/* Begin PBXFileReference section */
		F105A9D11F7455AE008838CA /* Coffee Crawl.app */ = {isa = PBXFileReference; explicitFileType = wrapper.application; includeInIndex = 0; path = "Coffee Crawl.app"; sourceTree = BUILT_PRODUCTS_DIR; };
		F105A9D41F7455AF008838CA /* AppDelegate.swift */ = {isa = PBXFileReference; lastKnownFileType = sourcecode.swift; path = AppDelegate.swift; sourceTree = "<group>"; };
		F105A9D91F7455AF008838CA /* Base */ = {isa = PBXFileReference; lastKnownFileType = file.storyboard; name = Base; path = Base.lproj/Main.storyboard; sourceTree = "<group>"; };
		F105A9DC1F7455AF008838CA /* Coffee_Crawl.xcdatamodel */ = {isa = PBXFileReference; lastKnownFileType = wrapper.xcdatamodel; path = Coffee_Crawl.xcdatamodel; sourceTree = "<group>"; };
		F105A9DE1F7455AF008838CA /* Assets.xcassets */ = {isa = PBXFileReference; lastKnownFileType = folder.assetcatalog; path = Assets.xcassets; sourceTree = "<group>"; };
		F105A9E11F7455AF008838CA /* Base */ = {isa = PBXFileReference; lastKnownFileType = file.storyboard; name = Base; path = Base.lproj/LaunchScreen.storyboard; sourceTree = "<group>"; };
		F105A9E31F7455AF008838CA /* Info.plist */ = {isa = PBXFileReference; lastKnownFileType = text.plist.xml; path = Info.plist; sourceTree = "<group>"; };
		F105A9E91F745CB9008838CA /* AddShopViewController.swift */ = {isa = PBXFileReference; lastKnownFileType = sourcecode.swift; path = AddShopViewController.swift; sourceTree = "<group>"; };
		F105A9EE1F746561008838CA /* ShopTableViewController.swift */ = {isa = PBXFileReference; lastKnownFileType = sourcecode.swift; path = ShopTableViewController.swift; sourceTree = "<group>"; };
/* End PBXFileReference section */

/* Begin PBXFrameworksBuildPhase section */
		F105A9CE1F7455AE008838CA /* Frameworks */ = {
			isa = PBXFrameworksBuildPhase;
			buildActionMask = 2147483647;
			files = (
			);
			runOnlyForDeploymentPostprocessing = 0;
		};
/* End PBXFrameworksBuildPhase section */

/* Begin PBXGroup section */
		F105A9C81F7455AE008838CA = {
			isa = PBXGroup;
			children = (
				F105A9D31F7455AE008838CA /* Coffee Crawl */,
				F105A9D21F7455AE008838CA /* Products */,
			);
			sourceTree = "<group>";
		};
		F105A9D21F7455AE008838CA /* Products */ = {
			isa = PBXGroup;
			children = (
				F105A9D11F7455AE008838CA /* Coffee Crawl.app */,
			);
			name = Products;
			sourceTree = "<group>";
		};
		F105A9D31F7455AE008838CA /* Coffee Crawl */ = {
			isa = PBXGroup;
			children = (
				F105A9D41F7455AF008838CA /* AppDelegate.swift */,
				F105A9EE1F746561008838CA /* ShopTableViewController.swift */,
				F105A9E91F745CB9008838CA /* AddShopViewController.swift */,
				F105A9D81F7455AF008838CA /* Main.storyboard */,
				F105A9DE1F7455AF008838CA /* Assets.xcassets */,
				F105A9E01F7455AF008838CA /* LaunchScreen.storyboard */,
				F105A9E31F7455AF008838CA /* Info.plist */,
				F105A9DB1F7455AF008838CA /* Coffee_Crawl.xcdatamodeld */,
			);
			path = "Coffee Crawl";
			sourceTree = "<group>";
		};
/* End PBXGroup section */

/* Begin PBXNativeTarget section */
		F105A9D01F7455AE008838CA /* Coffee Crawl */ = {
			isa = PBXNativeTarget;
			buildConfigurationList = F105A9E61F7455AF008838CA /* Build configuration list for PBXNativeTarget "Coffee Crawl" */;
			buildPhases = (
				F105A9CD1F7455AE008838CA /* Sources */,
				F105A9CE1F7455AE008838CA /* Frameworks */,
				F105A9CF1F7455AE008838CA /* Resources */,
			);
			buildRules = (
			);
			dependencies = (
			);
			name = "Coffee Crawl";
			productName = "Coffee Crawl";
			productReference = F105A9D11F7455AE008838CA /* Coffee Crawl.app */;
			productType = "com.apple.product-type.application";
		};
/* End PBXNativeTarget section */

/* Begin PBXProject section */
		F105A9C91F7455AE008838CA /* Project object */ = {
			isa = PBXProject;
			attributes = {
				LastSwiftUpdateCheck = 0900;
				LastUpgradeCheck = 0900;
				ORGANIZATIONNAME = "Jason Mundie";
				TargetAttributes = {
					F105A9D01F7455AE008838CA = {
						CreatedOnToolsVersion = 9.0;
						ProvisioningStyle = Automatic;
					};
				};
			};
			buildConfigurationList = F105A9CC1F7455AE008838CA /* Build configuration list for PBXProject "Coffee Crawl" */;
			compatibilityVersion = "Xcode 8.0";
			developmentRegion = en;
			hasScannedForEncodings = 0;
			knownRegions = (
				en,
				Base,
			);
			mainGroup = F105A9C81F7455AE008838CA;
			productRefGroup = F105A9D21F7455AE008838CA /* Products */;
			projectDirPath = "";
			projectRoot = "";
			targets = (
				F105A9D01F7455AE008838CA /* Coffee Crawl */,
			);
		};
/* End PBXProject section */

/* Begin PBXResourcesBuildPhase section */
		F105A9CF1F7455AE008838CA /* Resources */ = {
			isa = PBXResourcesBuildPhase;
			buildActionMask = 2147483647;
			files = (
				F105A9E21F7455AF008838CA /* LaunchScreen.storyboard in Resources */,
				F105A9DF1F7455AF008838CA /* Assets.xcassets in Resources */,
				F105A9DA1F7455AF008838CA /* Main.storyboard in Resources */,
			);
			runOnlyForDeploymentPostprocessing = 0;
		};
/* End PBXResourcesBuildPhase section */

/* Begin PBXSourcesBuildPhase section */
		F105A9CD1F7455AE008838CA /* Sources */ = {
			isa = PBXSourcesBuildPhase;
			buildActionMask = 2147483647;
			files = (
				F105A9DD1F7455AF008838CA /* Coffee_Crawl.xcdatamodeld in Sources */,
				F105A9EF1F746561008838CA /* ShopTableViewController.swift in Sources */,
				F105A9D51F7455AF008838CA /* AppDelegate.swift in Sources */,
				F105A9EA1F745CB9008838CA /* AddShopViewController.swift in Sources */,
			);
			runOnlyForDeploymentPostprocessing = 0;
		};
/* End PBXSourcesBuildPhase section */

/* Begin PBXVariantGroup section */
		F105A9D81F7455AF008838CA /* Main.storyboard */ = {
			isa = PBXVariantGroup;
			children = (
				F105A9D91F7455AF008838CA /* Base */,
			);
			name = Main.storyboard;
			sourceTree = "<group>";
		};
		F105A9E01F7455AF008838CA /* LaunchScreen.storyboard */ = {
			isa = PBXVariantGroup;
			children = (
				F105A9E11F7455AF008838CA /* Base */,
			);
			name = LaunchScreen.storyboard;
			sourceTree = "<group>";
		};
/* End PBXVariantGroup section */

/* Begin XCBuildConfiguration section */
		F105A9E41F7455AF008838CA /* Debug */ = {
			isa = XCBuildConfiguration;
			buildSettings = {
				ALWAYS_SEARCH_USER_PATHS = NO;
				CLANG_ANALYZER_NONNULL = YES;
				CLANG_ANALYZER_NUMBER_OBJECT_CONVERSION = YES_AGGRESSIVE;
				CLANG_CXX_LANGUAGE_STANDARD = "gnu++14";
				CLANG_CXX_LIBRARY = "libc++";
				CLANG_ENABLE_MODULES = YES;
				CLANG_ENABLE_OBJC_ARC = YES;
				CLANG_WARN_BLOCK_CAPTURE_AUTORELEASING = YES;
				CLANG_WARN_BOOL_CONVERSION = YES;
				CLANG_WARN_COMMA = YES;
				CLANG_WARN_CONSTANT_CONVERSION = YES;
				CLANG_WARN_DIRECT_OBJC_ISA_USAGE = YES_ERROR;
				CLANG_WARN_DOCUMENTATION_COMMENTS = YES;
				CLANG_WARN_EMPTY_BODY = YES;
				CLANG_WARN_ENUM_CONVERSION = YES;
				CLANG_WARN_INFINITE_RECURSION = YES;
				CLANG_WARN_INT_CONVERSION = YES;
				CLANG_WARN_NON_LITERAL_NULL_CONVERSION = YES;
				CLANG_WARN_OBJC_LITERAL_CONVERSION = YES;
				CLANG_WARN_OBJC_ROOT_CLASS = YES_ERROR;
				CLANG_WARN_RANGE_LOOP_ANALYSIS = YES;
				CLANG_WARN_STRICT_PROTOTYPES = YES;
				CLANG_WARN_SUSPICIOUS_MOVE = YES;
				CLANG_WARN_UNGUARDED_AVAILABILITY = YES_AGGRESSIVE;
				CLANG_WARN_UNREACHABLE_CODE = YES;
				CLANG_WARN__DUPLICATE_METHOD_MATCH = YES;
				CODE_SIGN_IDENTITY = "iPhone Developer";
				COPY_PHASE_STRIP = NO;
				DEBUG_INFORMATION_FORMAT = dwarf;
				ENABLE_STRICT_OBJC_MSGSEND = YES;
				ENABLE_TESTABILITY = YES;
				GCC_C_LANGUAGE_STANDARD = gnu11;
				GCC_DYNAMIC_NO_PIC = NO;
				GCC_NO_COMMON_BLOCKS = YES;
				GCC_OPTIMIZATION_LEVEL = 0;
				GCC_PREPROCESSOR_DEFINITIONS = (
					"DEBUG=1",
					"$(inherited)",
				);
				GCC_WARN_64_TO_32_BIT_CONVERSION = YES;
				GCC_WARN_ABOUT_RETURN_TYPE = YES_ERROR;
				GCC_WARN_UNDECLARED_SELECTOR = YES;
				GCC_WARN_UNINITIALIZED_AUTOS = YES_AGGRESSIVE;
				GCC_WARN_UNUSED_FUNCTION = YES;
				GCC_WARN_UNUSED_VARIABLE = YES;
				IPHONEOS_DEPLOYMENT_TARGET = 11.0;
				MTL_ENABLE_DEBUG_INFO = YES;
				ONLY_ACTIVE_ARCH = YES;
				SDKROOT = iphoneos;
				SWIFT_ACTIVE_COMPILATION_CONDITIONS = DEBUG;
				SWIFT_OPTIMIZATION_LEVEL = "-Onone";
			};
			name = Debug;
		};
		F105A9E51F7455AF008838CA /* Release */ = {
			isa = XCBuildConfiguration;
			buildSettings = {
				ALWAYS_SEARCH_USER_PATHS = NO;
				CLANG_ANALYZER_NONNULL = YES;
				CLANG_ANALYZER_NUMBER_OBJECT_CONVERSION = YES_AGGRESSIVE;
				CLANG_CXX_LANGUAGE_STANDARD = "gnu++14";
				CLANG_CXX_LIBRARY = "libc++";
				CLANG_ENABLE_MODULES = YES;
				CLANG_ENABLE_OBJC_ARC = YES;
				CLANG_WARN_BLOCK_CAPTURE_AUTORELEASING = YES;
				CLANG_WARN_BOOL_CONVERSION = YES;
				CLANG_WARN_COMMA = YES;
				CLANG_WARN_CONSTANT_CONVERSION = YES;
				CLANG_WARN_DIRECT_OBJC_ISA_USAGE = YES_ERROR;
				CLANG_WARN_DOCUMENTATION_COMMENTS = YES;
				CLANG_WARN_EMPTY_BODY = YES;
				CLANG_WARN_ENUM_CONVERSION = YES;
				CLANG_WARN_INFINITE_RECURSION = YES;
				CLANG_WARN_INT_CONVERSION = YES;
				CLANG_WARN_NON_LITERAL_NULL_CONVERSION = YES;
				CLANG_WARN_OBJC_LITERAL_CONVERSION = YES;
				CLANG_WARN_OBJC_ROOT_CLASS = YES_ERROR;
				CLANG_WARN_RANGE_LOOP_ANALYSIS = YES;
				CLANG_WARN_STRICT_PROTOTYPES = YES;
				CLANG_WARN_SUSPICIOUS_MOVE = YES;
				CLANG_WARN_UNGUARDED_AVAILABILITY = YES_AGGRESSIVE;
				CLANG_WARN_UNREACHABLE_CODE = YES;
				CLANG_WARN__DUPLICATE_METHOD_MATCH = YES;
				CODE_SIGN_IDENTITY = "iPhone Developer";
				COPY_PHASE_STRIP = NO;
				DEBUG_INFORMATION_FORMAT = "dwarf-with-dsym";
				ENABLE_NS_ASSERTIONS = NO;
				ENABLE_STRICT_OBJC_MSGSEND = YES;
				GCC_C_LANGUAGE_STANDARD = gnu11;
				GCC_NO_COMMON_BLOCKS = YES;
				GCC_WARN_64_TO_32_BIT_CONVERSION = YES;
				GCC_WARN_ABOUT_RETURN_TYPE = YES_ERROR;
				GCC_WARN_UNDECLARED_SELECTOR = YES;
				GCC_WARN_UNINITIALIZED_AUTOS = YES_AGGRESSIVE;
				GCC_WARN_UNUSED_FUNCTION = YES;
				GCC_WARN_UNUSED_VARIABLE = YES;
				IPHONEOS_DEPLOYMENT_TARGET = 11.0;
				MTL_ENABLE_DEBUG_INFO = NO;
				SDKROOT = iphoneos;
				SWIFT_OPTIMIZATION_LEVEL = "-Owholemodule";
				VALIDATE_PRODUCT = YES;
			};
			name = Release;
		};
		F105A9E71F7455AF008838CA /* Debug */ = {
			isa = XCBuildConfiguration;
			buildSettings = {
				ASSETCATALOG_COMPILER_APPICON_NAME = AppIcon;
				CODE_SIGN_STYLE = Automatic;
				INFOPLIST_FILE = "Coffee Crawl/Info.plist";
				LD_RUNPATH_SEARCH_PATHS = "$(inherited) @executable_path/Frameworks";
				PRODUCT_BUNDLE_IDENTIFIER = "com.jasonmundie.Coffee-Crawl";
				PRODUCT_NAME = "$(TARGET_NAME)";
				SWIFT_VERSION = 4.0;
				TARGETED_DEVICE_FAMILY = "1,2";
			};
			name = Debug;
		};
		F105A9E81F7455AF008838CA /* Release */ = {
			isa = XCBuildConfiguration;
			buildSettings = {
				ASSETCATALOG_COMPILER_APPICON_NAME = AppIcon;
				CODE_SIGN_STYLE = Automatic;
				INFOPLIST_FILE = "Coffee Crawl/Info.plist";
				LD_RUNPATH_SEARCH_PATHS = "$(inherited) @executable_path/Frameworks";
				PRODUCT_BUNDLE_IDENTIFIER = "com.jasonmundie.Coffee-Crawl";
				PRODUCT_NAME = "$(TARGET_NAME)";
				SWIFT_VERSION = 4.0;
				TARGETED_DEVICE_FAMILY = "1,2";
			};
			name = Release;
		};
/* End XCBuildConfiguration section */

/* Begin XCConfigurationList section */
		F105A9CC1F7455AE008838CA /* Build configuration list for PBXProject "Coffee Crawl" */ = {
			isa = XCConfigurationList;
			buildConfigurations = (
				F105A9E41F7455AF008838CA /* Debug */,
				F105A9E51F7455AF008838CA /* Release */,
			);
			defaultConfigurationIsVisible = 0;
			defaultConfigurationName = Release;
		};
		F105A9E61F7455AF008838CA /* Build configuration list for PBXNativeTarget "Coffee Crawl" */ = {
			isa = XCConfigurationList;
			buildConfigurations = (
				F105A9E71F7455AF008838CA /* Debug */,
				F105A9E81F7455AF008838CA /* Release */,
			);
			defaultConfigurationIsVisible = 0;
			defaultConfigurationName = Release;
		};
/* End XCConfigurationList section */

/* Begin XCVersionGroup section */
		F105A9DB1F7455AF008838CA /* Coffee_Crawl.xcdatamodeld */ = {
			isa = XCVersionGroup;
			children = (
				F105A9DC1F7455AF008838CA /* Coffee_Crawl.xcdatamodel */,
			);
			currentVersion = F105A9DC1F7455AF008838CA /* Coffee_Crawl.xcdatamodel */;
			path = Coffee_Crawl.xcdatamodeld;
			sourceTree = "<group>";
			versionGroupType = wrapper.xcdatamodel;
		};
/* End XCVersionGroup section */
	};
	rootObject = F105A9C91F7455AE008838CA /* Project object */;
}
